// !$*UTF8*$!
{
	archiveVersion = 1;
	classes = {
	};
	objectVersion = 55;
	objects = {

/* Begin PBXBuildFile section */
		AA21AFDA273DC0CF0021F282 /* testListSUI001App.swift in Sources */ = {isa = PBXBuildFile; fileRef = AA21AFD9273DC0CF0021F282 /* testListSUI001App.swift */; };
		AA21AFDC273DC0CF0021F282 /* ContentView.swift in Sources */ = {isa = PBXBuildFile; fileRef = AA21AFDB273DC0CF0021F282 /* ContentView.swift */; };
		AA21AFDE273DC0D10021F282 /* Assets.xcassets in Resources */ = {isa = PBXBuildFile; fileRef = AA21AFDD273DC0D10021F282 /* Assets.xcassets */; };
		AA21AFE1273DC0D10021F282 /* Preview Assets.xcassets in Resources */ = {isa = PBXBuildFile; fileRef = AA21AFE0273DC0D10021F282 /* Preview Assets.xcassets */; };
		AA25EE8127569ADF009A5AFE /* CodeScanner in Frameworks */ = {isa = PBXBuildFile; productRef = AA25EE8027569ADF009A5AFE /* CodeScanner */; };
		AAD7EFFB28EF454F00EBC0AE /* ScannerView.swift in Sources */ = {isa = PBXBuildFile; fileRef = AAD7EFFA28EF454F00EBC0AE /* ScannerView.swift */; };
		AAD7EFFD28F3200900EBC0AE /* MultiTabView.swift in Sources */ = {isa = PBXBuildFile; fileRef = AAD7EFFC28F3200900EBC0AE /* MultiTabView.swift */; };
		AAD7EFFF28F3207500EBC0AE /* GoodDeedView.swift in Sources */ = {isa = PBXBuildFile; fileRef = AAD7EFFE28F3207500EBC0AE /* GoodDeedView.swift */; };
		AAD7F00128F3239800EBC0AE /* WebViewCore.swift in Sources */ = {isa = PBXBuildFile; fileRef = AAD7F00028F3239800EBC0AE /* WebViewCore.swift */; };
		AAD7F00328F3352B00EBC0AE /* RedeemPoints.swift in Sources */ = {isa = PBXBuildFile; fileRef = AAD7F00228F3352B00EBC0AE /* RedeemPoints.swift */; };
/* End PBXBuildFile section */

/* Begin PBXFileReference section */
		AA21AFD6273DC0CF0021F282 /* testListSUI001.app */ = {isa = PBXFileReference; explicitFileType = wrapper.application; includeInIndex = 0; path = testListSUI001.app; sourceTree = BUILT_PRODUCTS_DIR; };
		AA21AFD9273DC0CF0021F282 /* testListSUI001App.swift */ = {isa = PBXFileReference; lastKnownFileType = sourcecode.swift; path = testListSUI001App.swift; sourceTree = "<group>"; };
		AA21AFDB273DC0CF0021F282 /* ContentView.swift */ = {isa = PBXFileReference; lastKnownFileType = sourcecode.swift; path = ContentView.swift; sourceTree = "<group>"; };
		AA21AFDD273DC0D10021F282 /* Assets.xcassets */ = {isa = PBXFileReference; lastKnownFileType = folder.assetcatalog; path = Assets.xcassets; sourceTree = "<group>"; };
		AA21AFE0273DC0D10021F282 /* Preview Assets.xcassets */ = {isa = PBXFileReference; lastKnownFileType = folder.assetcatalog; path = "Preview Assets.xcassets"; sourceTree = "<group>"; };
		AAD7EFFA28EF454F00EBC0AE /* ScannerView.swift */ = {isa = PBXFileReference; lastKnownFileType = sourcecode.swift; path = ScannerView.swift; sourceTree = "<group>"; };
		AAD7EFFC28F3200900EBC0AE /* MultiTabView.swift */ = {isa = PBXFileReference; lastKnownFileType = sourcecode.swift; path = MultiTabView.swift; sourceTree = "<group>"; };
		AAD7EFFE28F3207500EBC0AE /* GoodDeedView.swift */ = {isa = PBXFileReference; lastKnownFileType = sourcecode.swift; path = GoodDeedView.swift; sourceTree = "<group>"; };
		AAD7F00028F3239800EBC0AE /* WebViewCore.swift */ = {isa = PBXFileReference; lastKnownFileType = sourcecode.swift; path = WebViewCore.swift; sourceTree = "<group>"; };
		AAD7F00228F3352B00EBC0AE /* RedeemPoints.swift */ = {isa = PBXFileReference; lastKnownFileType = sourcecode.swift; path = RedeemPoints.swift; sourceTree = "<group>"; };
/* End PBXFileReference section */

/* Begin PBXFrameworksBuildPhase section */
		AA21AFD3273DC0CF0021F282 /* Frameworks */ = {
			isa = PBXFrameworksBuildPhase;
			buildActionMask = 2147483647;
			files = (
				AA25EE8127569ADF009A5AFE /* CodeScanner in Frameworks */,
			);
			runOnlyForDeploymentPostprocessing = 0;
		};
/* End PBXFrameworksBuildPhase section */

/* Begin PBXGroup section */
		AA21AFCD273DC0CF0021F282 = {
			isa = PBXGroup;
			children = (
				AA21AFD8273DC0CF0021F282 /* testListSUI001 */,
				AA21AFD7273DC0CF0021F282 /* Products */,
			);
			sourceTree = "<group>";
		};
		AA21AFD7273DC0CF0021F282 /* Products */ = {
			isa = PBXGroup;
			children = (
				AA21AFD6273DC0CF0021F282 /* testListSUI001.app */,
			);
			name = Products;
			sourceTree = "<group>";
		};
		AA21AFD8273DC0CF0021F282 /* testListSUI001 */ = {
			isa = PBXGroup;
			children = (
				AA21AFD9273DC0CF0021F282 /* testListSUI001App.swift */,
				AA21AFDB273DC0CF0021F282 /* ContentView.swift */,
				AAD7EFFE28F3207500EBC0AE /* GoodDeedView.swift */,
				AAD7F00228F3352B00EBC0AE /* RedeemPoints.swift */,
				AAD7EFFC28F3200900EBC0AE /* MultiTabView.swift */,
				AAD7F00028F3239800EBC0AE /* WebViewCore.swift */,
				AAD7EFFA28EF454F00EBC0AE /* ScannerView.swift */,
				AA21AFDD273DC0D10021F282 /* Assets.xcassets */,
				AA21AFDF273DC0D10021F282 /* Preview Content */,
			);
			path = testListSUI001;
			sourceTree = "<group>";
		};
		AA21AFDF273DC0D10021F282 /* Preview Content */ = {
			isa = PBXGroup;
			children = (
				AA21AFE0273DC0D10021F282 /* Preview Assets.xcassets */,
			);
			path = "Preview Content";
			sourceTree = "<group>";
		};
/* End PBXGroup section */

/* Begin PBXNativeTarget section */
		AA21AFD5273DC0CF0021F282 /* testListSUI001 */ = {
			isa = PBXNativeTarget;
			buildConfigurationList = AA21AFE4273DC0D10021F282 /* Build configuration list for PBXNativeTarget "testListSUI001" */;
			buildPhases = (
				AA21AFD2273DC0CF0021F282 /* Sources */,
				AA21AFD3273DC0CF0021F282 /* Frameworks */,
				AA21AFD4273DC0CF0021F282 /* Resources */,
			);
			buildRules = (
			);
			dependencies = (
			);
			name = testListSUI001;
			packageProductDependencies = (
				AA25EE8027569ADF009A5AFE /* CodeScanner */,
			);
			productName = testListSUI001;
			productReference = AA21AFD6273DC0CF0021F282 /* testListSUI001.app */;
			productType = "com.apple.product-type.application";
		};
/* End PBXNativeTarget section */

/* Begin PBXProject section */
		AA21AFCE273DC0CF0021F282 /* Project object */ = {
			isa = PBXProject;
			attributes = {
				BuildIndependentTargetsInParallel = 1;
				LastSwiftUpdateCheck = 1310;
				LastUpgradeCheck = 1310;
				TargetAttributes = {
					AA21AFD5273DC0CF0021F282 = {
						CreatedOnToolsVersion = 13.1;
					};
				};
			};
			buildConfigurationList = AA21AFD1273DC0CF0021F282 /* Build configuration list for PBXProject "testListSUI001" */;
			compatibilityVersion = "Xcode 13.0";
			developmentRegion = en;
			hasScannedForEncodings = 0;
			knownRegions = (
				en,
				Base,
			);
			mainGroup = AA21AFCD273DC0CF0021F282;
			packageReferences = (
				AA25EE7F27569ADF009A5AFE /* XCRemoteSwiftPackageReference "CodeScanner" */,
			);
			productRefGroup = AA21AFD7273DC0CF0021F282 /* Products */;
			projectDirPath = "";
			projectRoot = "";
			targets = (
				AA21AFD5273DC0CF0021F282 /* testListSUI001 */,
			);
		};
/* End PBXProject section */

/* Begin PBXResourcesBuildPhase section */
		AA21AFD4273DC0CF0021F282 /* Resources */ = {
			isa = PBXResourcesBuildPhase;
			buildActionMask = 2147483647;
			files = (
				AA21AFE1273DC0D10021F282 /* Preview Assets.xcassets in Resources */,
				AA21AFDE273DC0D10021F282 /* Assets.xcassets in Resources */,
			);
			runOnlyForDeploymentPostprocessing = 0;
		};
/* End PBXResourcesBuildPhase section */

/* Begin PBXSourcesBuildPhase section */
		AA21AFD2273DC0CF0021F282 /* Sources */ = {
			isa = PBXSourcesBuildPhase;
			buildActionMask = 2147483647;
			files = (
				AAD7EFFB28EF454F00EBC0AE /* ScannerView.swift in Sources */,
				AA21AFDC273DC0CF0021F282 /* ContentView.swift in Sources */,
				AAD7EFFD28F3200900EBC0AE /* MultiTabView.swift in Sources */,
				AAD7F00328F3352B00EBC0AE /* RedeemPoints.swift in Sources */,
				AA21AFDA273DC0CF0021F282 /* testListSUI001App.swift in Sources */,
				AAD7F00128F3239800EBC0AE /* WebViewCore.swift in Sources */,
				AAD7EFFF28F3207500EBC0AE /* GoodDeedView.swift in Sources */,
			);
			runOnlyForDeploymentPostprocessing = 0;
		};
/* End PBXSourcesBuildPhase section */

/* Begin XCBuildConfiguration section */
		AA21AFE2273DC0D10021F282 /* Debug */ = {
			isa = XCBuildConfiguration;
			buildSettings = {
				ALWAYS_SEARCH_USER_PATHS = NO;
				CLANG_ANALYZER_NONNULL = YES;
				CLANG_ANALYZER_NUMBER_OBJECT_CONVERSION = YES_AGGRESSIVE;
				CLANG_CXX_LANGUAGE_STANDARD = "gnu++17";
				CLANG_CXX_LIBRARY = "libc++";
				CLANG_ENABLE_MODULES = YES;
				CLANG_ENABLE_OBJC_ARC = YES;
				CLANG_ENABLE_OBJC_WEAK = YES;
				CLANG_WARN_BLOCK_CAPTURE_AUTORELEASING = YES;
				CLANG_WARN_BOOL_CONVERSION = YES;
				CLANG_WARN_COMMA = YES;
				CLANG_WARN_CONSTANT_CONVERSION = YES;
				CLANG_WARN_DEPRECATED_OBJC_IMPLEMENTATIONS = YES;
				CLANG_WARN_DIRECT_OBJC_ISA_USAGE = YES_ERROR;
				CLANG_WARN_DOCUMENTATION_COMMENTS = YES;
				CLANG_WARN_EMPTY_BODY = YES;
				CLANG_WARN_ENUM_CONVERSION = YES;
				CLANG_WARN_INFINITE_RECURSION = YES;
				CLANG_WARN_INT_CONVERSION = YES;
				CLANG_WARN_NON_LITERAL_NULL_CONVERSION = YES;
				CLANG_WARN_OBJC_IMPLICIT_RETAIN_SELF = YES;
				CLANG_WARN_OBJC_LITERAL_CONVERSION = YES;
				CLANG_WARN_OBJC_ROOT_CLASS = YES_ERROR;
				CLANG_WARN_QUOTED_INCLUDE_IN_FRAMEWORK_HEADER = YES;
				CLANG_WARN_RANGE_LOOP_ANALYSIS = YES;
				CLANG_WARN_STRICT_PROTOTYPES = YES;
				CLANG_WARN_SUSPICIOUS_MOVE = YES;
				CLANG_WARN_UNGUARDED_AVAILABILITY = YES_AGGRESSIVE;
				CLANG_WARN_UNREACHABLE_CODE = YES;
				CLANG_WARN__DUPLICATE_METHOD_MATCH = YES;
				COPY_PHASE_STRIP = NO;
				DEBUG_INFORMATION_FORMAT = dwarf;
				ENABLE_STRICT_OBJC_MSGSEND = YES;
				ENABLE_TESTABILITY = YES;
				GCC_C_LANGUAGE_STANDARD = gnu11;
				GCC_DYNAMIC_NO_PIC = NO;
				GCC_NO_COMMON_BLOCKS = YES;
				GCC_OPTIMIZATION_LEVEL = 0;
				GCC_PREPROCESSOR_DEFINITIONS = (
					"DEBUG=1",
					"$(inherited)",
				);
				GCC_WARN_64_TO_32_BIT_CONVERSION = YES;
				GCC_WARN_ABOUT_RETURN_TYPE = YES_ERROR;
				GCC_WARN_UNDECLARED_SELECTOR = YES;
				GCC_WARN_UNINITIALIZED_AUTOS = YES_AGGRESSIVE;
				GCC_WARN_UNUSED_FUNCTION = YES;
				GCC_WARN_UNUSED_VARIABLE = YES;
				IPHONEOS_DEPLOYMENT_TARGET = 15.0;
				MTL_ENABLE_DEBUG_INFO = INCLUDE_SOURCE;
				MTL_FAST_MATH = YES;
				ONLY_ACTIVE_ARCH = YES;
				SDKROOT = iphoneos;
				SWIFT_ACTIVE_COMPILATION_CONDITIONS = DEBUG;
				SWIFT_OPTIMIZATION_LEVEL = "-Onone";
			};
			name = Debug;
		};
		AA21AFE3273DC0D10021F282 /* Release */ = {
			isa = XCBuildConfiguration;
			buildSettings = {
				ALWAYS_SEARCH_USER_PATHS = NO;
				CLANG_ANALYZER_NONNULL = YES;
				CLANG_ANALYZER_NUMBER_OBJECT_CONVERSION = YES_AGGRESSIVE;
				CLANG_CXX_LANGUAGE_STANDARD = "gnu++17";
				CLANG_CXX_LIBRARY = "libc++";
				CLANG_ENABLE_MODULES = YES;
				CLANG_ENABLE_OBJC_ARC = YES;
				CLANG_ENABLE_OBJC_WEAK = YES;
				CLANG_WARN_BLOCK_CAPTURE_AUTORELEASING = YES;
				CLANG_WARN_BOOL_CONVERSION = YES;
				CLANG_WARN_COMMA = YES;
				CLANG_WARN_CONSTANT_CONVERSION = YES;
				CLANG_WARN_DEPRECATED_OBJC_IMPLEMENTATIONS = YES;
				CLANG_WARN_DIRECT_OBJC_ISA_USAGE = YES_ERROR;
				CLANG_WARN_DOCUMENTATION_COMMENTS = YES;
				CLANG_WARN_EMPTY_BODY = YES;
				CLANG_WARN_ENUM_CONVERSION = YES;
				CLANG_WARN_INFINITE_RECURSION = YES;
				CLANG_WARN_INT_CONVERSION = YES;
				CLANG_WARN_NON_LITERAL_NULL_CONVERSION = YES;
				CLANG_WARN_OBJC_IMPLICIT_RETAIN_SELF = YES;
				CLANG_WARN_OBJC_LITERAL_CONVERSION = YES;
				CLANG_WARN_OBJC_ROOT_CLASS = YES_ERROR;
				CLANG_WARN_QUOTED_INCLUDE_IN_FRAMEWORK_HEADER = YES;
				CLANG_WARN_RANGE_LOOP_ANALYSIS = YES;
				CLANG_WARN_STRICT_PROTOTYPES = YES;
				CLANG_WARN_SUSPICIOUS_MOVE = YES;
				CLANG_WARN_UNGUARDED_AVAILABILITY = YES_AGGRESSIVE;
				CLANG_WARN_UNREACHABLE_CODE = YES;
				CLANG_WARN__DUPLICATE_METHOD_MATCH = YES;
				COPY_PHASE_STRIP = NO;
				DEBUG_INFORMATION_FORMAT = "dwarf-with-dsym";
				ENABLE_NS_ASSERTIONS = NO;
				ENABLE_STRICT_OBJC_MSGSEND = YES;
				GCC_C_LANGUAGE_STANDARD = gnu11;
				GCC_NO_COMMON_BLOCKS = YES;
				GCC_WARN_64_TO_32_BIT_CONVERSION = YES;
				GCC_WARN_ABOUT_RETURN_TYPE = YES_ERROR;
				GCC_WARN_UNDECLARED_SELECTOR = YES;
				GCC_WARN_UNINITIALIZED_AUTOS = YES_AGGRESSIVE;
				GCC_WARN_UNUSED_FUNCTION = YES;
				GCC_WARN_UNUSED_VARIABLE = YES;
				IPHONEOS_DEPLOYMENT_TARGET = 15.0;
				MTL_ENABLE_DEBUG_INFO = NO;
				MTL_FAST_MATH = YES;
				SDKROOT = iphoneos;
				SWIFT_COMPILATION_MODE = wholemodule;
				SWIFT_OPTIMIZATION_LEVEL = "-O";
				VALIDATE_PRODUCT = YES;
			};
			name = Release;
		};
		AA21AFE5273DC0D10021F282 /* Debug */ = {
			isa = XCBuildConfiguration;
			buildSettings = {
				ASSETCATALOG_COMPILER_APPICON_NAME = AppIcon;
				ASSETCATALOG_COMPILER_GLOBAL_ACCENT_COLOR_NAME = AccentColor;
				CODE_SIGN_STYLE = Automatic;
				CURRENT_PROJECT_VERSION = 1;
				DEVELOPMENT_ASSET_PATHS = "\"testListSUI001/Preview Content\"";
				DEVELOPMENT_TEAM = U4WHYADYH2;
				ENABLE_PREVIEWS = YES;
				GENERATE_INFOPLIST_FILE = YES;
				INFOPLIST_KEY_UIApplicationSceneManifest_Generation = YES;
				INFOPLIST_KEY_UIApplicationSupportsIndirectInputEvents = YES;
				INFOPLIST_KEY_UILaunchScreen_Generation = YES;
				INFOPLIST_KEY_UISupportedInterfaceOrientations_iPad = "UIInterfaceOrientationPortrait UIInterfaceOrientationPortraitUpsideDown UIInterfaceOrientationLandscapeLeft UIInterfaceOrientationLandscapeRight";
				INFOPLIST_KEY_UISupportedInterfaceOrientations_iPhone = "UIInterfaceOrientationPortrait UIInterfaceOrientationLandscapeLeft UIInterfaceOrientationLandscapeRight";
				LD_RUNPATH_SEARCH_PATHS = (
					"$(inherited)",
					"@executable_path/Frameworks",
				);
				MARKETING_VERSION = 1.0;
				PRODUCT_BUNDLE_IDENTIFIER = world.aiclub.testListSUI001;
				PRODUCT_NAME = "$(TARGET_NAME)";
				SWIFT_EMIT_LOC_STRINGS = YES;
				SWIFT_VERSION = 5.0;
				TARGETED_DEVICE_FAMILY = "1,2";
			};
			name = Debug;
		};
		AA21AFE6273DC0D10021F282 /* Release */ = {
			isa = XCBuildConfiguration;
			buildSettings = {
				ASSETCATALOG_COMPILER_APPICON_NAME = AppIcon;
				ASSETCATALOG_COMPILER_GLOBAL_ACCENT_COLOR_NAME = AccentColor;
				CODE_SIGN_STYLE = Automatic;
				CURRENT_PROJECT_VERSION = 1;
				DEVELOPMENT_ASSET_PATHS = "\"testListSUI001/Preview Content\"";
				DEVELOPMENT_TEAM = U4WHYADYH2;
				ENABLE_PREVIEWS = YES;
				GENERATE_INFOPLIST_FILE = YES;
				INFOPLIST_KEY_UIApplicationSceneManifest_Generation = YES;
				INFOPLIST_KEY_UIApplicationSupportsIndirectInputEvents = YES;
				INFOPLIST_KEY_UILaunchScreen_Generation = YES;
				INFOPLIST_KEY_UISupportedInterfaceOrientations_iPad = "UIInterfaceOrientationPortrait UIInterfaceOrientationPortraitUpsideDown UIInterfaceOrientationLandscapeLeft UIInterfaceOrientationLandscapeRight";
				INFOPLIST_KEY_UISupportedInterfaceOrientations_iPhone = "UIInterfaceOrientationPortrait UIInterfaceOrientationLandscapeLeft UIInterfaceOrientationLandscapeRight";
				LD_RUNPATH_SEARCH_PATHS = (
					"$(inherited)",
					"@executable_path/Frameworks",
				);
				MARKETING_VERSION = 1.0;
				PRODUCT_BUNDLE_IDENTIFIER = world.aiclub.testListSUI001;
				PRODUCT_NAME = "$(TARGET_NAME)";
				SWIFT_EMIT_LOC_STRINGS = YES;
				SWIFT_VERSION = 5.0;
				TARGETED_DEVICE_FAMILY = "1,2";
			};
			name = Release;
		};
/* End XCBuildConfiguration section */

/* Begin XCConfigurationList section */
		AA21AFD1273DC0CF0021F282 /* Build configuration list for PBXProject "testListSUI001" */ = {
			isa = XCConfigurationList;
			buildConfigurations = (
				AA21AFE2273DC0D10021F282 /* Debug */,
				AA21AFE3273DC0D10021F282 /* Release */,
			);
			defaultConfigurationIsVisible = 0;
			defaultConfigurationName = Release;
		};
		AA21AFE4273DC0D10021F282 /* Build configuration list for PBXNativeTarget "testListSUI001" */ = {
			isa = XCConfigurationList;
			buildConfigurations = (
				AA21AFE5273DC0D10021F282 /* Debug */,
				AA21AFE6273DC0D10021F282 /* Release */,
			);
			defaultConfigurationIsVisible = 0;
			defaultConfigurationName = Release;
		};
/* End XCConfigurationList section */

/* Begin XCRemoteSwiftPackageReference section */
		AA25EE7F27569ADF009A5AFE /* XCRemoteSwiftPackageReference "CodeScanner" */ = {
			isa = XCRemoteSwiftPackageReference;
			repositoryURL = "https://github.com/twostraws/CodeScanner";
			requirement = {
				kind = upToNextMajorVersion;
				minimumVersion = 1.0.0;
			};
		};
/* End XCRemoteSwiftPackageReference section */

/* Begin XCSwiftPackageProductDependency section */
		AA25EE8027569ADF009A5AFE /* CodeScanner */ = {
			isa = XCSwiftPackageProductDependency;
			package = AA25EE7F27569ADF009A5AFE /* XCRemoteSwiftPackageReference "CodeScanner" */;
			productName = CodeScanner;
		};
/* End XCSwiftPackageProductDependency section */
	};
	rootObject = AA21AFCE273DC0CF0021F282 /* Project object */;
}
